# This file is automatically @generated by Poetry 2.2.1 and should not be changed by hand.

[[package]]
name = "jaclang"
version = "0.8.10"
description = "Jac is a unique and powerful programming language that runs on top of Python, offering an unprecedented level of intelligence and intuitive understanding."
optional = false
python-versions = "<4.0.0,>=3.11.0"
groups = ["main"]
files = [
    {file = "jaclang-0.8.10-py3-none-any.whl", hash = "sha256:88ae45c0ca780fb8b61f2205112362f0a543a612c105e0089fc1782fe5ef8550"},
    {file = "jaclang-0.8.10.tar.gz", hash = "sha256:706b863f869497dab3fbdd7806261b6a46b54fb728b7f63c46b96ffd93b2317b"},
]

[metadata]
lock-version = "2.1"
python-versions = ">=3.12,<4.0.0"
content-hash = "eaef759378748ba7956e21929c86f0c462831dd06ac1d55879927af531354ca2"
